version: 1.0
shards:
  db:
    github: crystal-lang/crystal-db
    version: 0.5.1

  exception_page:
    github: crystal-loot/exception_page
    version: 0.1.1

  granite:
    github: amberframework/granite
    version: 0.15.2

  halite:
    github: icyleaf/halite
    version: 0.9.1

  hardware:
    github: crystal-community/hardware
    version: 0.4.0

  kemal:
    github: kemalcr/kemal
    version: 0.25.1

  kilt:
    github: jeromegn/kilt
    version: 0.4.0

  mcping:
    github: Syfaro/mcping
    commit: 884557d65037bb5451e31ebcd7131da4e6e45367

  radix:
    github: luislavena/radix
    version: 0.3.9

  sass:
    github: straight-shoota/sass.cr
    version: 0.4.0

  slang:
    github: jeromegn/slang
    version: 1.7.1

  sqlite3:
    github: crystal-lang/crystal-sqlite3
    version: 0.10.0

  uvarint:
    github: freitagbr/crystal-uvarint
    commit: 13e81a95127d049e33b3ada6b7383f9e99909275

